// !$*UTF8*$!
{
	archiveVersion = 1;
	classes = {
	};
	objectVersion = 50;
	objects = {

/* Begin PBXBuildFile section */
		7D41803A226ED92200DBF4BA /* AnimatedPhoneTextField.swift in Sources */ = {isa = PBXBuildFile; fileRef = 7D418039226ED92200DBF4BA /* AnimatedPhoneTextField.swift */; };
		7DD4B01B2268D07C00246D70 /* AppDelegate.swift in Sources */ = {isa = PBXBuildFile; fileRef = 7DD4B01A2268D07C00246D70 /* AppDelegate.swift */; };
		7DD4B01D2268D07C00246D70 /* ViewController.swift in Sources */ = {isa = PBXBuildFile; fileRef = 7DD4B01C2268D07C00246D70 /* ViewController.swift */; };
		7DD4B0202268D07C00246D70 /* Main.storyboard in Resources */ = {isa = PBXBuildFile; fileRef = 7DD4B01E2268D07C00246D70 /* Main.storyboard */; };
		7DD4B0222268D07D00246D70 /* Assets.xcassets in Resources */ = {isa = PBXBuildFile; fileRef = 7DD4B0212268D07D00246D70 /* Assets.xcassets */; };
		7DD4B0252268D07D00246D70 /* LaunchScreen.storyboard in Resources */ = {isa = PBXBuildFile; fileRef = 7DD4B0232268D07D00246D70 /* LaunchScreen.storyboard */; };
		7DD4B0332268D0F600246D70 /* NotificationCenter.framework in Frameworks */ = {isa = PBXBuildFile; fileRef = 7DD4B0322268D0F600246D70 /* NotificationCenter.framework */; };
		7DD4B0362268D0F600246D70 /* TodayViewController.swift in Sources */ = {isa = PBXBuildFile; fileRef = 7DD4B0352268D0F600246D70 /* TodayViewController.swift */; };
		7DD4B0392268D0F600246D70 /* MainInterface.storyboard in Resources */ = {isa = PBXBuildFile; fileRef = 7DD4B0372268D0F600246D70 /* MainInterface.storyboard */; };
		7DD4B03D2268D0F600246D70 /* Contact Widget.appex in Embed App Extensions */ = {isa = PBXBuildFile; fileRef = 7DD4B0302268D0F600246D70 /* Contact Widget.appex */; settings = {ATTRIBUTES = (RemoveHeadersOnCopy, ); }; };
/* End PBXBuildFile section */

/* Begin PBXContainerItemProxy section */
		7DD4B03B2268D0F600246D70 /* PBXContainerItemProxy */ = {
			isa = PBXContainerItemProxy;
			containerPortal = 7DD4B00F2268D07C00246D70 /* Project object */;
			proxyType = 1;
			remoteGlobalIDString = 7DD4B02F2268D0F600246D70;
			remoteInfo = "Contact Widget";
		};
/* End PBXContainerItemProxy section */

/* Begin PBXCopyFilesBuildPhase section */
		7DD4B0412268D0F600246D70 /* Embed App Extensions */ = {
			isa = PBXCopyFilesBuildPhase;
			buildActionMask = 2147483647;
			dstPath = "";
			dstSubfolderSpec = 13;
			files = (
				7DD4B03D2268D0F600246D70 /* Contact Widget.appex in Embed App Extensions */,
			);
			name = "Embed App Extensions";
			runOnlyForDeploymentPostprocessing = 0;
		};
/* End PBXCopyFilesBuildPhase section */

/* Begin PBXFileReference section */
		7D418039226ED92200DBF4BA /* AnimatedPhoneTextField.swift */ = {isa = PBXFileReference; lastKnownFileType = sourcecode.swift; path = AnimatedPhoneTextField.swift; sourceTree = "<group>"; };
		7D41803D226F290B00DBF4BA /* Vcard-Conctacts-Widget.entitlements */ = {isa = PBXFileReference; lastKnownFileType = text.plist.entitlements; path = "Vcard-Conctacts-Widget.entitlements"; sourceTree = "<group>"; };
		7D41803E226F294200DBF4BA /* Contact Widget.entitlements */ = {isa = PBXFileReference; lastKnownFileType = text.plist.entitlements; path = "Contact Widget.entitlements"; sourceTree = "<group>"; };
		7DD4B0172268D07C00246D70 /* Vcard-Conctacts-Widget.app */ = {isa = PBXFileReference; explicitFileType = wrapper.application; includeInIndex = 0; path = "Vcard-Conctacts-Widget.app"; sourceTree = BUILT_PRODUCTS_DIR; };
		7DD4B01A2268D07C00246D70 /* AppDelegate.swift */ = {isa = PBXFileReference; lastKnownFileType = sourcecode.swift; path = AppDelegate.swift; sourceTree = "<group>"; };
		7DD4B01C2268D07C00246D70 /* ViewController.swift */ = {isa = PBXFileReference; lastKnownFileType = sourcecode.swift; path = ViewController.swift; sourceTree = "<group>"; };
		7DD4B01F2268D07C00246D70 /* Base */ = {isa = PBXFileReference; lastKnownFileType = file.storyboard; name = Base; path = Base.lproj/Main.storyboard; sourceTree = "<group>"; };
		7DD4B0212268D07D00246D70 /* Assets.xcassets */ = {isa = PBXFileReference; lastKnownFileType = folder.assetcatalog; path = Assets.xcassets; sourceTree = "<group>"; };
		7DD4B0242268D07D00246D70 /* Base */ = {isa = PBXFileReference; lastKnownFileType = file.storyboard; name = Base; path = Base.lproj/LaunchScreen.storyboard; sourceTree = "<group>"; };
		7DD4B0262268D07D00246D70 /* Info.plist */ = {isa = PBXFileReference; lastKnownFileType = text.plist.xml; path = Info.plist; sourceTree = "<group>"; };
		7DD4B0302268D0F600246D70 /* Contact Widget.appex */ = {isa = PBXFileReference; explicitFileType = "wrapper.app-extension"; includeInIndex = 0; path = "Contact Widget.appex"; sourceTree = BUILT_PRODUCTS_DIR; };
		7DD4B0322268D0F600246D70 /* NotificationCenter.framework */ = {isa = PBXFileReference; lastKnownFileType = wrapper.framework; name = NotificationCenter.framework; path = System/Library/Frameworks/NotificationCenter.framework; sourceTree = SDKROOT; };
		7DD4B0352268D0F600246D70 /* TodayViewController.swift */ = {isa = PBXFileReference; lastKnownFileType = sourcecode.swift; path = TodayViewController.swift; sourceTree = "<group>"; };
		7DD4B0382268D0F600246D70 /* Base */ = {isa = PBXFileReference; lastKnownFileType = file.storyboard; name = Base; path = Base.lproj/MainInterface.storyboard; sourceTree = "<group>"; };
		7DD4B03A2268D0F600246D70 /* Info.plist */ = {isa = PBXFileReference; lastKnownFileType = text.plist.xml; path = Info.plist; sourceTree = "<group>"; };
/* End PBXFileReference section */

/* Begin PBXFrameworksBuildPhase section */
		7DD4B0142268D07C00246D70 /* Frameworks */ = {
			isa = PBXFrameworksBuildPhase;
			buildActionMask = 2147483647;
			files = (
			);
			runOnlyForDeploymentPostprocessing = 0;
		};
		7DD4B02D2268D0F600246D70 /* Frameworks */ = {
			isa = PBXFrameworksBuildPhase;
			buildActionMask = 2147483647;
			files = (
				7DD4B0332268D0F600246D70 /* NotificationCenter.framework in Frameworks */,
			);
			runOnlyForDeploymentPostprocessing = 0;
		};
/* End PBXFrameworksBuildPhase section */

/* Begin PBXGroup section */
		7DD4B00E2268D07C00246D70 = {
			isa = PBXGroup;
			children = (
				7DD4B0192268D07C00246D70 /* Vcard-Conctacts-Widget */,
				7DD4B0342268D0F600246D70 /* Contact Widget */,
				7DD4B0312268D0F600246D70 /* Frameworks */,
				7DD4B0182268D07C00246D70 /* Products */,
			);
			sourceTree = "<group>";
		};
		7DD4B0182268D07C00246D70 /* Products */ = {
			isa = PBXGroup;
			children = (
				7DD4B0172268D07C00246D70 /* Vcard-Conctacts-Widget.app */,
				7DD4B0302268D0F600246D70 /* Contact Widget.appex */,
			);
			name = Products;
			sourceTree = "<group>";
		};
		7DD4B0192268D07C00246D70 /* Vcard-Conctacts-Widget */ = {
			isa = PBXGroup;
			children = (
				7D41803D226F290B00DBF4BA /* Vcard-Conctacts-Widget.entitlements */,
				7DD4B01A2268D07C00246D70 /* AppDelegate.swift */,
				7DD4B01C2268D07C00246D70 /* ViewController.swift */,
				7D418039226ED92200DBF4BA /* AnimatedPhoneTextField.swift */,
				7DD4B01E2268D07C00246D70 /* Main.storyboard */,
				7DD4B0212268D07D00246D70 /* Assets.xcassets */,
				7DD4B0232268D07D00246D70 /* LaunchScreen.storyboard */,
				7DD4B0262268D07D00246D70 /* Info.plist */,
			);
			path = "Vcard-Conctacts-Widget";
			sourceTree = "<group>";
		};
		7DD4B0312268D0F600246D70 /* Frameworks */ = {
			isa = PBXGroup;
			children = (
				7DD4B0322268D0F600246D70 /* NotificationCenter.framework */,
			);
			name = Frameworks;
			sourceTree = "<group>";
		};
		7DD4B0342268D0F600246D70 /* Contact Widget */ = {
			isa = PBXGroup;
			children = (
				7D41803E226F294200DBF4BA /* Contact Widget.entitlements */,
				7DD4B0352268D0F600246D70 /* TodayViewController.swift */,
				7DD4B0372268D0F600246D70 /* MainInterface.storyboard */,
				7DD4B03A2268D0F600246D70 /* Info.plist */,
			);
			path = "Contact Widget";
			sourceTree = "<group>";
		};
/* End PBXGroup section */

/* Begin PBXNativeTarget section */
		7DD4B0162268D07C00246D70 /* Vcard-Conctacts-Widget */ = {
			isa = PBXNativeTarget;
			buildConfigurationList = 7DD4B0292268D07D00246D70 /* Build configuration list for PBXNativeTarget "Vcard-Conctacts-Widget" */;
			buildPhases = (
				7DD4B0132268D07C00246D70 /* Sources */,
				7DD4B0142268D07C00246D70 /* Frameworks */,
				7DD4B0152268D07C00246D70 /* Resources */,
				7DD4B0412268D0F600246D70 /* Embed App Extensions */,
			);
			buildRules = (
			);
			dependencies = (
				7DD4B03C2268D0F600246D70 /* PBXTargetDependency */,
			);
			name = "Vcard-Conctacts-Widget";
			productName = "Vcard-Conctacts-Widget";
			productReference = 7DD4B0172268D07C00246D70 /* Vcard-Conctacts-Widget.app */;
			productType = "com.apple.product-type.application";
		};
		7DD4B02F2268D0F600246D70 /* Contact Widget */ = {
			isa = PBXNativeTarget;
			buildConfigurationList = 7DD4B03E2268D0F600246D70 /* Build configuration list for PBXNativeTarget "Contact Widget" */;
			buildPhases = (
				7DD4B02C2268D0F600246D70 /* Sources */,
				7DD4B02D2268D0F600246D70 /* Frameworks */,
				7DD4B02E2268D0F600246D70 /* Resources */,
			);
			buildRules = (
			);
			dependencies = (
			);
			name = "Contact Widget";
			productName = "Contact Widget";
			productReference = 7DD4B0302268D0F600246D70 /* Contact Widget.appex */;
			productType = "com.apple.product-type.app-extension";
		};
/* End PBXNativeTarget section */

/* Begin PBXProject section */
		7DD4B00F2268D07C00246D70 /* Project object */ = {
			isa = PBXProject;
			attributes = {
				LastSwiftUpdateCheck = 1020;
				LastUpgradeCheck = 1020;
				ORGANIZATIONNAME = octavianus;
				TargetAttributes = {
					7DD4B0162268D07C00246D70 = {
						CreatedOnToolsVersion = 10.2;
						SystemCapabilities = {
							com.apple.ApplicationGroups.iOS = {
								enabled = 1;
							};
						};
					};
					7DD4B02F2268D0F600246D70 = {
						CreatedOnToolsVersion = 10.2;
						SystemCapabilities = {
							com.apple.ApplicationGroups.iOS = {
								enabled = 1;
							};
						};
					};
				};
			};
			buildConfigurationList = 7DD4B0122268D07C00246D70 /* Build configuration list for PBXProject "Vcard-Conctacts-Widget" */;
			compatibilityVersion = "Xcode 9.3";
			developmentRegion = en;
			hasScannedForEncodings = 0;
			knownRegions = (
				en,
				Base,
			);
			mainGroup = 7DD4B00E2268D07C00246D70;
			productRefGroup = 7DD4B0182268D07C00246D70 /* Products */;
			projectDirPath = "";
			projectRoot = "";
			targets = (
				7DD4B0162268D07C00246D70 /* Vcard-Conctacts-Widget */,
				7DD4B02F2268D0F600246D70 /* Contact Widget */,
			);
		};
/* End PBXProject section */

/* Begin PBXResourcesBuildPhase section */
		7DD4B0152268D07C00246D70 /* Resources */ = {
			isa = PBXResourcesBuildPhase;
			buildActionMask = 2147483647;
			files = (
				7DD4B0252268D07D00246D70 /* LaunchScreen.storyboard in Resources */,
				7DD4B0222268D07D00246D70 /* Assets.xcassets in Resources */,
				7DD4B0202268D07C00246D70 /* Main.storyboard in Resources */,
			);
			runOnlyForDeploymentPostprocessing = 0;
		};
		7DD4B02E2268D0F600246D70 /* Resources */ = {
			isa = PBXResourcesBuildPhase;
			buildActionMask = 2147483647;
			files = (
				7DD4B0392268D0F600246D70 /* MainInterface.storyboard in Resources */,
			);
			runOnlyForDeploymentPostprocessing = 0;
		};
/* End PBXResourcesBuildPhase section */

/* Begin PBXSourcesBuildPhase section */
		7DD4B0132268D07C00246D70 /* Sources */ = {
			isa = PBXSourcesBuildPhase;
			buildActionMask = 2147483647;
			files = (
				7DD4B01D2268D07C00246D70 /* ViewController.swift in Sources */,
				7D41803A226ED92200DBF4BA /* AnimatedPhoneTextField.swift in Sources */,
				7DD4B01B2268D07C00246D70 /* AppDelegate.swift in Sources */,
			);
			runOnlyForDeploymentPostprocessing = 0;
		};
		7DD4B02C2268D0F600246D70 /* Sources */ = {
			isa = PBXSourcesBuildPhase;
			buildActionMask = 2147483647;
			files = (
				7DD4B0362268D0F600246D70 /* TodayViewController.swift in Sources */,
			);
			runOnlyForDeploymentPostprocessing = 0;
		};
/* End PBXSourcesBuildPhase section */

/* Begin PBXTargetDependency section */
		7DD4B03C2268D0F600246D70 /* PBXTargetDependency */ = {
			isa = PBXTargetDependency;
			target = 7DD4B02F2268D0F600246D70 /* Contact Widget */;
			targetProxy = 7DD4B03B2268D0F600246D70 /* PBXContainerItemProxy */;
		};
/* End PBXTargetDependency section */

/* Begin PBXVariantGroup section */
		7DD4B01E2268D07C00246D70 /* Main.storyboard */ = {
			isa = PBXVariantGroup;
			children = (
				7DD4B01F2268D07C00246D70 /* Base */,
			);
			name = Main.storyboard;
			sourceTree = "<group>";
		};
		7DD4B0232268D07D00246D70 /* LaunchScreen.storyboard */ = {
			isa = PBXVariantGroup;
			children = (
				7DD4B0242268D07D00246D70 /* Base */,
			);
			name = LaunchScreen.storyboard;
			sourceTree = "<group>";
		};
		7DD4B0372268D0F600246D70 /* MainInterface.storyboard */ = {
			isa = PBXVariantGroup;
			children = (
				7DD4B0382268D0F600246D70 /* Base */,
			);
			name = MainInterface.storyboard;
			sourceTree = "<group>";
		};
/* End PBXVariantGroup section */

/* Begin XCBuildConfiguration section */
		7DD4B0272268D07D00246D70 /* Debug */ = {
			isa = XCBuildConfiguration;
			buildSettings = {
				ALWAYS_SEARCH_USER_PATHS = NO;
				CLANG_ANALYZER_NONNULL = YES;
				CLANG_ANALYZER_NUMBER_OBJECT_CONVERSION = YES_AGGRESSIVE;
				CLANG_CXX_LANGUAGE_STANDARD = "gnu++14";
				CLANG_CXX_LIBRARY = "libc++";
				CLANG_ENABLE_MODULES = YES;
				CLANG_ENABLE_OBJC_ARC = YES;
				CLANG_ENABLE_OBJC_WEAK = YES;
				CLANG_WARN_BLOCK_CAPTURE_AUTORELEASING = YES;
				CLANG_WARN_BOOL_CONVERSION = YES;
				CLANG_WARN_COMMA = YES;
				CLANG_WARN_CONSTANT_CONVERSION = YES;
				CLANG_WARN_DEPRECATED_OBJC_IMPLEMENTATIONS = YES;
				CLANG_WARN_DIRECT_OBJC_ISA_USAGE = YES_ERROR;
				CLANG_WARN_DOCUMENTATION_COMMENTS = YES;
				CLANG_WARN_EMPTY_BODY = YES;
				CLANG_WARN_ENUM_CONVERSION = YES;
				CLANG_WARN_INFINITE_RECURSION = YES;
				CLANG_WARN_INT_CONVERSION = YES;
				CLANG_WARN_NON_LITERAL_NULL_CONVERSION = YES;
				CLANG_WARN_OBJC_IMPLICIT_RETAIN_SELF = YES;
				CLANG_WARN_OBJC_LITERAL_CONVERSION = YES;
				CLANG_WARN_OBJC_ROOT_CLASS = YES_ERROR;
				CLANG_WARN_RANGE_LOOP_ANALYSIS = YES;
				CLANG_WARN_STRICT_PROTOTYPES = YES;
				CLANG_WARN_SUSPICIOUS_MOVE = YES;
				CLANG_WARN_UNGUARDED_AVAILABILITY = YES_AGGRESSIVE;
				CLANG_WARN_UNREACHABLE_CODE = YES;
				CLANG_WARN__DUPLICATE_METHOD_MATCH = YES;
				CODE_SIGN_IDENTITY = "iPhone Developer";
				COPY_PHASE_STRIP = NO;
				DEBUG_INFORMATION_FORMAT = dwarf;
				ENABLE_STRICT_OBJC_MSGSEND = YES;
				ENABLE_TESTABILITY = YES;
				GCC_C_LANGUAGE_STANDARD = gnu11;
				GCC_DYNAMIC_NO_PIC = NO;
				GCC_NO_COMMON_BLOCKS = YES;
				GCC_OPTIMIZATION_LEVEL = 0;
				GCC_PREPROCESSOR_DEFINITIONS = (
					"DEBUG=1",
					"$(inherited)",
				);
				GCC_WARN_64_TO_32_BIT_CONVERSION = YES;
				GCC_WARN_ABOUT_RETURN_TYPE = YES_ERROR;
				GCC_WARN_UNDECLARED_SELECTOR = YES;
				GCC_WARN_UNINITIALIZED_AUTOS = YES_AGGRESSIVE;
				GCC_WARN_UNUSED_FUNCTION = YES;
				GCC_WARN_UNUSED_VARIABLE = YES;
				IPHONEOS_DEPLOYMENT_TARGET = 12.2;
				MTL_ENABLE_DEBUG_INFO = INCLUDE_SOURCE;
				MTL_FAST_MATH = YES;
				ONLY_ACTIVE_ARCH = YES;
				SDKROOT = iphoneos;
				SWIFT_ACTIVE_COMPILATION_CONDITIONS = DEBUG;
				SWIFT_OPTIMIZATION_LEVEL = "-Onone";
			};
			name = Debug;
		};
		7DD4B0282268D07D00246D70 /* Release */ = {
			isa = XCBuildConfiguration;
			buildSettings = {
				ALWAYS_SEARCH_USER_PATHS = NO;
				CLANG_ANALYZER_NONNULL = YES;
				CLANG_ANALYZER_NUMBER_OBJECT_CONVERSION = YES_AGGRESSIVE;
				CLANG_CXX_LANGUAGE_STANDARD = "gnu++14";
				CLANG_CXX_LIBRARY = "libc++";
				CLANG_ENABLE_MODULES = YES;
				CLANG_ENABLE_OBJC_ARC = YES;
				CLANG_ENABLE_OBJC_WEAK = YES;
				CLANG_WARN_BLOCK_CAPTURE_AUTORELEASING = YES;
				CLANG_WARN_BOOL_CONVERSION = YES;
				CLANG_WARN_COMMA = YES;
				CLANG_WARN_CONSTANT_CONVERSION = YES;
				CLANG_WARN_DEPRECATED_OBJC_IMPLEMENTATIONS = YES;
				CLANG_WARN_DIRECT_OBJC_ISA_USAGE = YES_ERROR;
				CLANG_WARN_DOCUMENTATION_COMMENTS = YES;
				CLANG_WARN_EMPTY_BODY = YES;
				CLANG_WARN_ENUM_CONVERSION = YES;
				CLANG_WARN_INFINITE_RECURSION = YES;
				CLANG_WARN_INT_CONVERSION = YES;
				CLANG_WARN_NON_LITERAL_NULL_CONVERSION = YES;
				CLANG_WARN_OBJC_IMPLICIT_RETAIN_SELF = YES;
				CLANG_WARN_OBJC_LITERAL_CONVERSION = YES;
				CLANG_WARN_OBJC_ROOT_CLASS = YES_ERROR;
				CLANG_WARN_RANGE_LOOP_ANALYSIS = YES;
				CLANG_WARN_STRICT_PROTOTYPES = YES;
				CLANG_WARN_SUSPICIOUS_MOVE = YES;
				CLANG_WARN_UNGUARDED_AVAILABILITY = YES_AGGRESSIVE;
				CLANG_WARN_UNREACHABLE_CODE = YES;
				CLANG_WARN__DUPLICATE_METHOD_MATCH = YES;
				CODE_SIGN_IDENTITY = "iPhone Developer";
				COPY_PHASE_STRIP = NO;
				DEBUG_INFORMATION_FORMAT = "dwarf-with-dsym";
				ENABLE_NS_ASSERTIONS = NO;
				ENABLE_STRICT_OBJC_MSGSEND = YES;
				GCC_C_LANGUAGE_STANDARD = gnu11;
				GCC_NO_COMMON_BLOCKS = YES;
				GCC_WARN_64_TO_32_BIT_CONVERSION = YES;
				GCC_WARN_ABOUT_RETURN_TYPE = YES_ERROR;
				GCC_WARN_UNDECLARED_SELECTOR = YES;
				GCC_WARN_UNINITIALIZED_AUTOS = YES_AGGRESSIVE;
				GCC_WARN_UNUSED_FUNCTION = YES;
				GCC_WARN_UNUSED_VARIABLE = YES;
				IPHONEOS_DEPLOYMENT_TARGET = 12.2;
				MTL_ENABLE_DEBUG_INFO = NO;
				MTL_FAST_MATH = YES;
				SDKROOT = iphoneos;
				SWIFT_COMPILATION_MODE = wholemodule;
				SWIFT_OPTIMIZATION_LEVEL = "-O";
				VALIDATE_PRODUCT = YES;
			};
			name = Release;
		};
		7DD4B02A2268D07D00246D70 /* Debug */ = {
			isa = XCBuildConfiguration;
			buildSettings = {
				ALWAYS_EMBED_SWIFT_STANDARD_LIBRARIES = YES;
				ASSETCATALOG_COMPILER_APPICON_NAME = AppIcon;
				CODE_SIGN_ENTITLEMENTS = "Vcard-Conctacts-Widget/Vcard-Conctacts-Widget.entitlements";
				CODE_SIGN_STYLE = Automatic;
				DEVELOPMENT_TEAM = ZK45DE64XX;
				INFOPLIST_FILE = "Vcard-Conctacts-Widget/Info.plist";
				LD_RUNPATH_SEARCH_PATHS = (
					"$(inherited)",
					"@executable_path/Frameworks",
				);
				PRODUCT_BUNDLE_IDENTIFIER = "AppleDeveloperAcademyBinus.Vcard-Conctacts-Widget";
				PRODUCT_NAME = "$(TARGET_NAME)";
				SWIFT_VERSION = 5.0;
				TARGETED_DEVICE_FAMILY = "1,2";
			};
			name = Debug;
		};
		7DD4B02B2268D07D00246D70 /* Release */ = {
			isa = XCBuildConfiguration;
			buildSettings = {
				ALWAYS_EMBED_SWIFT_STANDARD_LIBRARIES = YES;
				ASSETCATALOG_COMPILER_APPICON_NAME = AppIcon;
				CODE_SIGN_ENTITLEMENTS = "Vcard-Conctacts-Widget/Vcard-Conctacts-Widget.entitlements";
				CODE_SIGN_STYLE = Automatic;
				DEVELOPMENT_TEAM = ZK45DE64XX;
				INFOPLIST_FILE = "Vcard-Conctacts-Widget/Info.plist";
				LD_RUNPATH_SEARCH_PATHS = (
					"$(inherited)",
					"@executable_path/Frameworks",
				);
				PRODUCT_BUNDLE_IDENTIFIER = "AppleDeveloperAcademyBinus.Vcard-Conctacts-Widget";
				PRODUCT_NAME = "$(TARGET_NAME)";
				SWIFT_VERSION = 5.0;
				TARGETED_DEVICE_FAMILY = "1,2";
			};
			name = Release;
		};
		7DD4B03F2268D0F600246D70 /* Debug */ = {
			isa = XCBuildConfiguration;
			buildSettings = {
				CODE_SIGN_ENTITLEMENTS = "Contact Widget/Contact Widget.entitlements";
				CODE_SIGN_STYLE = Automatic;
				DEVELOPMENT_TEAM = ZK45DE64XX;
				INFOPLIST_FILE = "Contact Widget/Info.plist";
				LD_RUNPATH_SEARCH_PATHS = (
					"$(inherited)",
					"@executable_path/Frameworks",
					"@executable_path/../../Frameworks",
				);
				PRODUCT_BUNDLE_IDENTIFIER = "AppleDeveloperAcademyBinus.Vcard-Conctacts-Widget.Contact-Widget";
				PRODUCT_NAME = "$(TARGET_NAME)";
				SKIP_INSTALL = YES;
				SWIFT_VERSION = 5.0;
				TARGETED_DEVICE_FAMILY = "1,2";
			};
			name = Debug;
		};
		7DD4B0402268D0F600246D70 /* Release */ = {
			isa = XCBuildConfiguration;
			buildSettings = {
				CODE_SIGN_ENTITLEMENTS = "Contact Widget/Contact Widget.entitlements";
				CODE_SIGN_STYLE = Automatic;
				DEVELOPMENT_TEAM = ZK45DE64XX;
				INFOPLIST_FILE = "Contact Widget/Info.plist";
				LD_RUNPATH_SEARCH_PATHS = (
					"$(inherited)",
					"@executable_path/Frameworks",
					"@executable_path/../../Frameworks",
				);
				PRODUCT_BUNDLE_IDENTIFIER = "AppleDeveloperAcademyBinus.Vcard-Conctacts-Widget.Contact-Widget";
				PRODUCT_NAME = "$(TARGET_NAME)";
				SKIP_INSTALL = YES;
				SWIFT_VERSION = 5.0;
				TARGETED_DEVICE_FAMILY = "1,2";
			};
			name = Release;
		};
/* End XCBuildConfiguration section */

/* Begin XCConfigurationList section */
		7DD4B0122268D07C00246D70 /* Build configuration list for PBXProject "Vcard-Conctacts-Widget" */ = {
			isa = XCConfigurationList;
			buildConfigurations = (
				7DD4B0272268D07D00246D70 /* Debug */,
				7DD4B0282268D07D00246D70 /* Release */,
			);
			defaultConfigurationIsVisible = 0;
			defaultConfigurationName = Release;
		};
		7DD4B0292268D07D00246D70 /* Build configuration list for PBXNativeTarget "Vcard-Conctacts-Widget" */ = {
			isa = XCConfigurationList;
			buildConfigurations = (
				7DD4B02A2268D07D00246D70 /* Debug */,
				7DD4B02B2268D07D00246D70 /* Release */,
			);
			defaultConfigurationIsVisible = 0;
			defaultConfigurationName = Release;
		};
		7DD4B03E2268D0F600246D70 /* Build configuration list for PBXNativeTarget "Contact Widget" */ = {
			isa = XCConfigurationList;
			buildConfigurations = (
				7DD4B03F2268D0F600246D70 /* Debug */,
				7DD4B0402268D0F600246D70 /* Release */,
			);
			defaultConfigurationIsVisible = 0;
			defaultConfigurationName = Release;
		};
/* End XCConfigurationList section */
	};
	rootObject = 7DD4B00F2268D07C00246D70 /* Project object */;
}
